// !$*UTF8*$!
{
	archiveVersion = 1;
	classes = {
	};
	objectVersion = 55;
	objects = {

/* Begin PBXBuildFile section */
		9ADDB9BD27E4C890007CB41A /* AppDelegate.swift in Sources */ = {isa = PBXBuildFile; fileRef = 9ADDB9BC27E4C890007CB41A /* AppDelegate.swift */; };
		9ADDB9BF27E4C890007CB41A /* SceneDelegate.swift in Sources */ = {isa = PBXBuildFile; fileRef = 9ADDB9BE27E4C890007CB41A /* SceneDelegate.swift */; };
		9ADDB9C127E4C890007CB41A /* ViewController.swift in Sources */ = {isa = PBXBuildFile; fileRef = 9ADDB9C027E4C890007CB41A /* ViewController.swift */; };
		9ADDB9C427E4C890007CB41A /* Main.storyboard in Resources */ = {isa = PBXBuildFile; fileRef = 9ADDB9C227E4C890007CB41A /* Main.storyboard */; };
		9ADDB9C627E4C892007CB41A /* Assets.xcassets in Resources */ = {isa = PBXBuildFile; fileRef = 9ADDB9C527E4C892007CB41A /* Assets.xcassets */; };
		9ADDB9C927E4C892007CB41A /* LaunchScreen.storyboard in Resources */ = {isa = PBXBuildFile; fileRef = 9ADDB9C727E4C892007CB41A /* LaunchScreen.storyboard */; };
		9ADDB9D227E4C9D8007CB41A /* Extensions.swift in Sources */ = {isa = PBXBuildFile; fileRef = 9ADDB9D127E4C9D8007CB41A /* Extensions.swift */; };
		9ADDB9D427E4CA57007CB41A /* LocationHandler.swift in Sources */ = {isa = PBXBuildFile; fileRef = 9ADDB9D327E4CA57007CB41A /* LocationHandler.swift */; };
		9ADDB9D927E4CB84007CB41A /* LoginController.swift in Sources */ = {isa = PBXBuildFile; fileRef = 9ADDB9D827E4CB84007CB41A /* LoginController.swift */; };
		9ADDB9DB27E4CC3B007CB41A /* AuthButton.swift in Sources */ = {isa = PBXBuildFile; fileRef = 9ADDB9DA27E4CC3B007CB41A /* AuthButton.swift */; };
		9ADDB9DD27E4CF1C007CB41A /* SignUpController.swift in Sources */ = {isa = PBXBuildFile; fileRef = 9ADDB9DC27E4CF1C007CB41A /* SignUpController.swift */; };
/* End PBXBuildFile section */

/* Begin PBXFileReference section */
		9ADDB9B927E4C890007CB41A /* UberLon.app */ = {isa = PBXFileReference; explicitFileType = wrapper.application; includeInIndex = 0; path = UberLon.app; sourceTree = BUILT_PRODUCTS_DIR; };
		9ADDB9BC27E4C890007CB41A /* AppDelegate.swift */ = {isa = PBXFileReference; lastKnownFileType = sourcecode.swift; path = AppDelegate.swift; sourceTree = "<group>"; };
		9ADDB9BE27E4C890007CB41A /* SceneDelegate.swift */ = {isa = PBXFileReference; lastKnownFileType = sourcecode.swift; path = SceneDelegate.swift; sourceTree = "<group>"; };
		9ADDB9C027E4C890007CB41A /* ViewController.swift */ = {isa = PBXFileReference; lastKnownFileType = sourcecode.swift; path = ViewController.swift; sourceTree = "<group>"; };
		9ADDB9C327E4C890007CB41A /* Base */ = {isa = PBXFileReference; lastKnownFileType = file.storyboard; name = Base; path = Base.lproj/Main.storyboard; sourceTree = "<group>"; };
		9ADDB9C527E4C892007CB41A /* Assets.xcassets */ = {isa = PBXFileReference; lastKnownFileType = folder.assetcatalog; path = Assets.xcassets; sourceTree = "<group>"; };
		9ADDB9C827E4C892007CB41A /* Base */ = {isa = PBXFileReference; lastKnownFileType = file.storyboard; name = Base; path = Base.lproj/LaunchScreen.storyboard; sourceTree = "<group>"; };
		9ADDB9CA27E4C892007CB41A /* Info.plist */ = {isa = PBXFileReference; lastKnownFileType = text.plist.xml; path = Info.plist; sourceTree = "<group>"; };
		9ADDB9D127E4C9D8007CB41A /* Extensions.swift */ = {isa = PBXFileReference; lastKnownFileType = sourcecode.swift; path = Extensions.swift; sourceTree = "<group>"; };
		9ADDB9D327E4CA57007CB41A /* LocationHandler.swift */ = {isa = PBXFileReference; lastKnownFileType = sourcecode.swift; path = LocationHandler.swift; sourceTree = "<group>"; };
		9ADDB9D827E4CB84007CB41A /* LoginController.swift */ = {isa = PBXFileReference; lastKnownFileType = sourcecode.swift; path = LoginController.swift; sourceTree = "<group>"; };
		9ADDB9DA27E4CC3B007CB41A /* AuthButton.swift */ = {isa = PBXFileReference; lastKnownFileType = sourcecode.swift; path = AuthButton.swift; sourceTree = "<group>"; };
		9ADDB9DC27E4CF1C007CB41A /* SignUpController.swift */ = {isa = PBXFileReference; lastKnownFileType = sourcecode.swift; path = SignUpController.swift; sourceTree = "<group>"; };
/* End PBXFileReference section */

/* Begin PBXFrameworksBuildPhase section */
		9ADDB9B627E4C890007CB41A /* Frameworks */ = {
			isa = PBXFrameworksBuildPhase;
			buildActionMask = 2147483647;
			files = (
			);
			runOnlyForDeploymentPostprocessing = 0;
		};
/* End PBXFrameworksBuildPhase section */

/* Begin PBXGroup section */
		9ADDB9B027E4C890007CB41A = {
			isa = PBXGroup;
			children = (
				9ADDB9BB27E4C890007CB41A /* UberLon */,
				9ADDB9BA27E4C890007CB41A /* Products */,
			);
			sourceTree = "<group>";
		};
		9ADDB9BA27E4C890007CB41A /* Products */ = {
			isa = PBXGroup;
			children = (
				9ADDB9B927E4C890007CB41A /* UberLon.app */,
			);
			name = Products;
			sourceTree = "<group>";
		};
		9ADDB9BB27E4C890007CB41A /* UberLon */ = {
			isa = PBXGroup;
			children = (
				9ADDB9D627E4CB5B007CB41A /* Controllers */,
				9ADDB9D527E4CB0E007CB41A /* Views */,
				9ADDB9D027E4C9AD007CB41A /* Utils */,
				9ADDB9BC27E4C890007CB41A /* AppDelegate.swift */,
				9ADDB9BE27E4C890007CB41A /* SceneDelegate.swift */,
				9ADDB9C027E4C890007CB41A /* ViewController.swift */,
				9ADDB9C227E4C890007CB41A /* Main.storyboard */,
				9ADDB9C527E4C892007CB41A /* Assets.xcassets */,
				9ADDB9C727E4C892007CB41A /* LaunchScreen.storyboard */,
				9ADDB9CA27E4C892007CB41A /* Info.plist */,
			);
			path = UberLon;
			sourceTree = "<group>";
		};
		9ADDB9D027E4C9AD007CB41A /* Utils */ = {
			isa = PBXGroup;
			children = (
				9ADDB9D127E4C9D8007CB41A /* Extensions.swift */,
				9ADDB9D327E4CA57007CB41A /* LocationHandler.swift */,
			);
			path = Utils;
			sourceTree = "<group>";
		};
		9ADDB9D527E4CB0E007CB41A /* Views */ = {
			isa = PBXGroup;
			children = (
				9ADDB9DA27E4CC3B007CB41A /* AuthButton.swift */,
			);
			path = Views;
			sourceTree = "<group>";
		};
		9ADDB9D627E4CB5B007CB41A /* Controllers */ = {
			isa = PBXGroup;
			children = (
				9ADDB9D727E4CB65007CB41A /* Authentication */,
			);
			path = Controllers;
			sourceTree = "<group>";
		};
		9ADDB9D727E4CB65007CB41A /* Authentication */ = {
			isa = PBXGroup;
			children = (
				9ADDB9D827E4CB84007CB41A /* LoginController.swift */,
				9ADDB9DC27E4CF1C007CB41A /* SignUpController.swift */,
			);
			path = Authentication;
			sourceTree = "<group>";
		};
/* End PBXGroup section */

/* Begin PBXNativeTarget section */
		9ADDB9B827E4C890007CB41A /* UberLon */ = {
			isa = PBXNativeTarget;
			buildConfigurationList = 9ADDB9CD27E4C892007CB41A /* Build configuration list for PBXNativeTarget "UberLon" */;
			buildPhases = (
				9ADDB9B527E4C890007CB41A /* Sources */,
				9ADDB9B627E4C890007CB41A /* Frameworks */,
				9ADDB9B727E4C890007CB41A /* Resources */,
			);
			buildRules = (
			);
			dependencies = (
			);
			name = UberLon;
			productName = UberLon;
			productReference = 9ADDB9B927E4C890007CB41A /* UberLon.app */;
			productType = "com.apple.product-type.application";
		};
/* End PBXNativeTarget section */

/* Begin PBXProject section */
		9ADDB9B127E4C890007CB41A /* Project object */ = {
			isa = PBXProject;
			attributes = {
				BuildIndependentTargetsInParallel = 1;
				LastSwiftUpdateCheck = 1330;
				LastUpgradeCheck = 1330;
				TargetAttributes = {
					9ADDB9B827E4C890007CB41A = {
						CreatedOnToolsVersion = 13.3;
					};
				};
			};
			buildConfigurationList = 9ADDB9B427E4C890007CB41A /* Build configuration list for PBXProject "UberLon" */;
			compatibilityVersion = "Xcode 13.0";
			developmentRegion = en;
			hasScannedForEncodings = 0;
			knownRegions = (
				en,
				Base,
			);
			mainGroup = 9ADDB9B027E4C890007CB41A;
			productRefGroup = 9ADDB9BA27E4C890007CB41A /* Products */;
			projectDirPath = "";
			projectRoot = "";
			targets = (
				9ADDB9B827E4C890007CB41A /* UberLon */,
			);
		};
/* End PBXProject section */

/* Begin PBXResourcesBuildPhase section */
		9ADDB9B727E4C890007CB41A /* Resources */ = {
			isa = PBXResourcesBuildPhase;
			buildActionMask = 2147483647;
			files = (
				9ADDB9C927E4C892007CB41A /* LaunchScreen.storyboard in Resources */,
				9ADDB9C627E4C892007CB41A /* Assets.xcassets in Resources */,
				9ADDB9C427E4C890007CB41A /* Main.storyboard in Resources */,
			);
			runOnlyForDeploymentPostprocessing = 0;
		};
/* End PBXResourcesBuildPhase section */

/* Begin PBXSourcesBuildPhase section */
		9ADDB9B527E4C890007CB41A /* Sources */ = {
			isa = PBXSourcesBuildPhase;
			buildActionMask = 2147483647;
			files = (
				9ADDB9D427E4CA57007CB41A /* LocationHandler.swift in Sources */,
				9ADDB9DB27E4CC3B007CB41A /* AuthButton.swift in Sources */,
				9ADDB9D927E4CB84007CB41A /* LoginController.swift in Sources */,
				9ADDB9DD27E4CF1C007CB41A /* SignUpController.swift in Sources */,
				9ADDB9C127E4C890007CB41A /* ViewController.swift in Sources */,
				9ADDB9BD27E4C890007CB41A /* AppDelegate.swift in Sources */,
				9ADDB9BF27E4C890007CB41A /* SceneDelegate.swift in Sources */,
				9ADDB9D227E4C9D8007CB41A /* Extensions.swift in Sources */,
			);
			runOnlyForDeploymentPostprocessing = 0;
		};
/* End PBXSourcesBuildPhase section */

/* Begin PBXVariantGroup section */
		9ADDB9C227E4C890007CB41A /* Main.storyboard */ = {
			isa = PBXVariantGroup;
			children = (
				9ADDB9C327E4C890007CB41A /* Base */,
			);
			name = Main.storyboard;
			sourceTree = "<group>";
		};
		9ADDB9C727E4C892007CB41A /* LaunchScreen.storyboard */ = {
			isa = PBXVariantGroup;
			children = (
				9ADDB9C827E4C892007CB41A /* Base */,
			);
			name = LaunchScreen.storyboard;
			sourceTree = "<group>";
		};
/* End PBXVariantGroup section */

/* Begin XCBuildConfiguration section */
		9ADDB9CB27E4C892007CB41A /* Debug */ = {
			isa = XCBuildConfiguration;
			buildSettings = {
				ALWAYS_SEARCH_USER_PATHS = NO;
				CLANG_ANALYZER_NONNULL = YES;
				CLANG_ANALYZER_NUMBER_OBJECT_CONVERSION = YES_AGGRESSIVE;
				CLANG_CXX_LANGUAGE_STANDARD = "gnu++17";
				CLANG_ENABLE_MODULES = YES;
				CLANG_ENABLE_OBJC_ARC = YES;
				CLANG_ENABLE_OBJC_WEAK = YES;
				CLANG_WARN_BLOCK_CAPTURE_AUTORELEASING = YES;
				CLANG_WARN_BOOL_CONVERSION = YES;
				CLANG_WARN_COMMA = YES;
				CLANG_WARN_CONSTANT_CONVERSION = YES;
				CLANG_WARN_DEPRECATED_OBJC_IMPLEMENTATIONS = YES;
				CLANG_WARN_DIRECT_OBJC_ISA_USAGE = YES_ERROR;
				CLANG_WARN_DOCUMENTATION_COMMENTS = YES;
				CLANG_WARN_EMPTY_BODY = YES;
				CLANG_WARN_ENUM_CONVERSION = YES;
				CLANG_WARN_INFINITE_RECURSION = YES;
				CLANG_WARN_INT_CONVERSION = YES;
				CLANG_WARN_NON_LITERAL_NULL_CONVERSION = YES;
				CLANG_WARN_OBJC_IMPLICIT_RETAIN_SELF = YES;
				CLANG_WARN_OBJC_LITERAL_CONVERSION = YES;
				CLANG_WARN_OBJC_ROOT_CLASS = YES_ERROR;
				CLANG_WARN_QUOTED_INCLUDE_IN_FRAMEWORK_HEADER = YES;
				CLANG_WARN_RANGE_LOOP_ANALYSIS = YES;
				CLANG_WARN_STRICT_PROTOTYPES = YES;
				CLANG_WARN_SUSPICIOUS_MOVE = YES;
				CLANG_WARN_UNGUARDED_AVAILABILITY = YES_AGGRESSIVE;
				CLANG_WARN_UNREACHABLE_CODE = YES;
				CLANG_WARN__DUPLICATE_METHOD_MATCH = YES;
				COPY_PHASE_STRIP = NO;
				DEBUG_INFORMATION_FORMAT = dwarf;
				ENABLE_STRICT_OBJC_MSGSEND = YES;
				ENABLE_TESTABILITY = YES;
				GCC_C_LANGUAGE_STANDARD = gnu11;
				GCC_DYNAMIC_NO_PIC = NO;
				GCC_NO_COMMON_BLOCKS = YES;
				GCC_OPTIMIZATION_LEVEL = 0;
				GCC_PREPROCESSOR_DEFINITIONS = (
					"DEBUG=1",
					"$(inherited)",
				);
				GCC_WARN_64_TO_32_BIT_CONVERSION = YES;
				GCC_WARN_ABOUT_RETURN_TYPE = YES_ERROR;
				GCC_WARN_UNDECLARED_SELECTOR = YES;
				GCC_WARN_UNINITIALIZED_AUTOS = YES_AGGRESSIVE;
				GCC_WARN_UNUSED_FUNCTION = YES;
				GCC_WARN_UNUSED_VARIABLE = YES;
				IPHONEOS_DEPLOYMENT_TARGET = 15.4;
				MTL_ENABLE_DEBUG_INFO = INCLUDE_SOURCE;
				MTL_FAST_MATH = YES;
				ONLY_ACTIVE_ARCH = YES;
				SDKROOT = iphoneos;
				SWIFT_ACTIVE_COMPILATION_CONDITIONS = DEBUG;
				SWIFT_OPTIMIZATION_LEVEL = "-Onone";
			};
			name = Debug;
		};
		9ADDB9CC27E4C892007CB41A /* Release */ = {
			isa = XCBuildConfiguration;
			buildSettings = {
				ALWAYS_SEARCH_USER_PATHS = NO;
				CLANG_ANALYZER_NONNULL = YES;
				CLANG_ANALYZER_NUMBER_OBJECT_CONVERSION = YES_AGGRESSIVE;
				CLANG_CXX_LANGUAGE_STANDARD = "gnu++17";
				CLANG_ENABLE_MODULES = YES;
				CLANG_ENABLE_OBJC_ARC = YES;
				CLANG_ENABLE_OBJC_WEAK = YES;
				CLANG_WARN_BLOCK_CAPTURE_AUTORELEASING = YES;
				CLANG_WARN_BOOL_CONVERSION = YES;
				CLANG_WARN_COMMA = YES;
				CLANG_WARN_CONSTANT_CONVERSION = YES;
				CLANG_WARN_DEPRECATED_OBJC_IMPLEMENTATIONS = YES;
				CLANG_WARN_DIRECT_OBJC_ISA_USAGE = YES_ERROR;
				CLANG_WARN_DOCUMENTATION_COMMENTS = YES;
				CLANG_WARN_EMPTY_BODY = YES;
				CLANG_WARN_ENUM_CONVERSION = YES;
				CLANG_WARN_INFINITE_RECURSION = YES;
				CLANG_WARN_INT_CONVERSION = YES;
				CLANG_WARN_NON_LITERAL_NULL_CONVERSION = YES;
				CLANG_WARN_OBJC_IMPLICIT_RETAIN_SELF = YES;
				CLANG_WARN_OBJC_LITERAL_CONVERSION = YES;
				CLANG_WARN_OBJC_ROOT_CLASS = YES_ERROR;
				CLANG_WARN_QUOTED_INCLUDE_IN_FRAMEWORK_HEADER = YES;
				CLANG_WARN_RANGE_LOOP_ANALYSIS = YES;
				CLANG_WARN_STRICT_PROTOTYPES = YES;
				CLANG_WARN_SUSPICIOUS_MOVE = YES;
				CLANG_WARN_UNGUARDED_AVAILABILITY = YES_AGGRESSIVE;
				CLANG_WARN_UNREACHABLE_CODE = YES;
				CLANG_WARN__DUPLICATE_METHOD_MATCH = YES;
				COPY_PHASE_STRIP = NO;
				DEBUG_INFORMATION_FORMAT = "dwarf-with-dsym";
				ENABLE_NS_ASSERTIONS = NO;
				ENABLE_STRICT_OBJC_MSGSEND = YES;
				GCC_C_LANGUAGE_STANDARD = gnu11;
				GCC_NO_COMMON_BLOCKS = YES;
				GCC_WARN_64_TO_32_BIT_CONVERSION = YES;
				GCC_WARN_ABOUT_RETURN_TYPE = YES_ERROR;
				GCC_WARN_UNDECLARED_SELECTOR = YES;
				GCC_WARN_UNINITIALIZED_AUTOS = YES_AGGRESSIVE;
				GCC_WARN_UNUSED_FUNCTION = YES;
				GCC_WARN_UNUSED_VARIABLE = YES;
				IPHONEOS_DEPLOYMENT_TARGET = 15.4;
				MTL_ENABLE_DEBUG_INFO = NO;
				MTL_FAST_MATH = YES;
				SDKROOT = iphoneos;
				SWIFT_COMPILATION_MODE = wholemodule;
				SWIFT_OPTIMIZATION_LEVEL = "-O";
				VALIDATE_PRODUCT = YES;
			};
			name = Release;
		};
		9ADDB9CE27E4C892007CB41A /* Debug */ = {
			isa = XCBuildConfiguration;
			buildSettings = {
				ASSETCATALOG_COMPILER_APPICON_NAME = AppIcon;
				ASSETCATALOG_COMPILER_GLOBAL_ACCENT_COLOR_NAME = AccentColor;
				CODE_SIGN_STYLE = Automatic;
				CURRENT_PROJECT_VERSION = 1;
				DEVELOPMENT_TEAM = CVY38Y4SCX;
				GENERATE_INFOPLIST_FILE = YES;
				INFOPLIST_FILE = UberLon/Info.plist;
				INFOPLIST_KEY_UIApplicationSupportsIndirectInputEvents = YES;
				INFOPLIST_KEY_UILaunchStoryboardName = LaunchScreen;
				INFOPLIST_KEY_UIMainStoryboardFile = Main;
				INFOPLIST_KEY_UISupportedInterfaceOrientations_iPad = "UIInterfaceOrientationPortrait UIInterfaceOrientationPortraitUpsideDown UIInterfaceOrientationLandscapeLeft UIInterfaceOrientationLandscapeRight";
				INFOPLIST_KEY_UISupportedInterfaceOrientations_iPhone = "UIInterfaceOrientationPortrait UIInterfaceOrientationLandscapeLeft UIInterfaceOrientationLandscapeRight";
				LD_RUNPATH_SEARCH_PATHS = (
					"$(inherited)",
					"@executable_path/Frameworks",
				);
				MARKETING_VERSION = 1.0;
				PRODUCT_BUNDLE_IDENTIFIER = net.alonzochoque.UberLon;
				PRODUCT_NAME = "$(TARGET_NAME)";
				SWIFT_EMIT_LOC_STRINGS = YES;
				SWIFT_VERSION = 5.0;
				TARGETED_DEVICE_FAMILY = "1,2";
			};
			name = Debug;
		};
		9ADDB9CF27E4C892007CB41A /* Release */ = {
			isa = XCBuildConfiguration;
			buildSettings = {
				ASSETCATALOG_COMPILER_APPICON_NAME = AppIcon;
				ASSETCATALOG_COMPILER_GLOBAL_ACCENT_COLOR_NAME = AccentColor;
				CODE_SIGN_STYLE = Automatic;
				CURRENT_PROJECT_VERSION = 1;
				DEVELOPMENT_TEAM = CVY38Y4SCX;
				GENERATE_INFOPLIST_FILE = YES;
				INFOPLIST_FILE = UberLon/Info.plist;
				INFOPLIST_KEY_UIApplicationSupportsIndirectInputEvents = YES;
				INFOPLIST_KEY_UILaunchStoryboardName = LaunchScreen;
				INFOPLIST_KEY_UIMainStoryboardFile = Main;
				INFOPLIST_KEY_UISupportedInterfaceOrientations_iPad = "UIInterfaceOrientationPortrait UIInterfaceOrientationPortraitUpsideDown UIInterfaceOrientationLandscapeLeft UIInterfaceOrientationLandscapeRight";
				INFOPLIST_KEY_UISupportedInterfaceOrientations_iPhone = "UIInterfaceOrientationPortrait UIInterfaceOrientationLandscapeLeft UIInterfaceOrientationLandscapeRight";
				LD_RUNPATH_SEARCH_PATHS = (
					"$(inherited)",
					"@executable_path/Frameworks",
				);
				MARKETING_VERSION = 1.0;
				PRODUCT_BUNDLE_IDENTIFIER = net.alonzochoque.UberLon;
				PRODUCT_NAME = "$(TARGET_NAME)";
				SWIFT_EMIT_LOC_STRINGS = YES;
				SWIFT_VERSION = 5.0;
				TARGETED_DEVICE_FAMILY = "1,2";
			};
			name = Release;
		};
/* End XCBuildConfiguration section */

/* Begin XCConfigurationList section */
		9ADDB9B427E4C890007CB41A /* Build configuration list for PBXProject "UberLon" */ = {
			isa = XCConfigurationList;
			buildConfigurations = (
				9ADDB9CB27E4C892007CB41A /* Debug */,
				9ADDB9CC27E4C892007CB41A /* Release */,
			);
			defaultConfigurationIsVisible = 0;
			defaultConfigurationName = Release;
		};
		9ADDB9CD27E4C892007CB41A /* Build configuration list for PBXNativeTarget "UberLon" */ = {
			isa = XCConfigurationList;
			buildConfigurations = (
				9ADDB9CE27E4C892007CB41A /* Debug */,
				9ADDB9CF27E4C892007CB41A /* Release */,
			);
			defaultConfigurationIsVisible = 0;
			defaultConfigurationName = Release;
		};
/* End XCConfigurationList section */
	};
	rootObject = 9ADDB9B127E4C890007CB41A /* Project object */;
}
